
Microsoft Visual Studio Solution File, Format Version 12.00
# Visual Studio 15
VisualStudioVersion = 15.0.27130.2010
MinimumVisualStudioVersion = 10.0.40219.1
Project("{FAE04EC0-301F-11D3-BF4B-00C04F79EFBC}") = "AadApp", "AadApp\AadApp.csproj", "{A382E8B5-1374-4E3E-B446-C7D573D9152B}"
EndProject
Global
	GlobalSection(SolutionConfigurationPlatforms) = preSolution
		Debug|Any CPU = Debug|Any CPU
		Release|Any CPU = Release|Any CPU
	EndGlobalSection
	GlobalSection(ProjectConfigurationPlatforms) = postSolution
		{A382E8B5-1374-4E3E-B446-C7D573D9152B}.Debug|Any CPU.ActiveCfg = Debug|Any CPU
		{A382E8B5-1374-4E3E-B446-C7D573D9152B}.Debug|Any CPU.Build.0 = Debug|Any CPU
		{A382E8B5-1374-4E3E-B446-C7D573D9152B}.Release|Any CPU.ActiveCfg = Release|Any CPU
		{A382E8B5-1374-4E3E-B446-C7D573D9152B}.Release|Any CPU.Build.0 = Release|Any CPU
	EndGlobalSection
	GlobalSection(SolutionProperties) = preSolution
		HideSolutionNode = FALSE
	EndGlobalSection
	GlobalSection(ExtensibilityGlobals) = postSolution
		SolutionGuid = {3F12D525-5EEB-4FB0-84CB-3754796875A5}
	EndGlobalSection
EndGlobal
